
Microsoft Visual Studio Solution File, Format Version 12.00
# Visual Studio 15
VisualStudioVersion = 15.0.27703.2042
MinimumVisualStudioVersion = 10.0.40219.1
Project("{FAE04EC0-301F-11D3-BF4B-00C04F79EFBC}") = "Assembly-CSharp", "Assembly-CSharp.csproj", "{68B9C29E-71BD-B664-70AC-E4264CCD15C5}"
EndProject
Project("{8BC9CEB8-8B4A-11D0-8D11-00A0C91BC942}") = "NetworkingPlugin", "NetworkingPlugin\NetworkingPlugin.vcxproj", "{52980A18-0DC0-4892-83FA-5E9AC9839889}"
EndProject
Project("{8BC9CEB8-8B4A-11D0-8D11-00A0C91BC942}") = "StructuresLibrary", "NetworkingPlugin\StructuresLibrary\StructuresLibrary.vcxproj", "{B440FBE6-42FE-4432-9BF5-C974A18F19E9}"
EndProject
Global
	GlobalSection(SolutionConfigurationPlatforms) = preSolution
		Debug|Any CPU = Debug|Any CPU
		Release|Any CPU = Release|Any CPU
	EndGlobalSection
	GlobalSection(ProjectConfigurationPlatforms) = postSolution
		{68B9C29E-71BD-B664-70AC-E4264CCD15C5}.Debug|Any CPU.ActiveCfg = Debug|Any CPU
		{68B9C29E-71BD-B664-70AC-E4264CCD15C5}.Debug|Any CPU.Build.0 = Debug|Any CPU
		{68B9C29E-71BD-B664-70AC-E4264CCD15C5}.Release|Any CPU.ActiveCfg = Release|Any CPU
		{68B9C29E-71BD-B664-70AC-E4264CCD15C5}.Release|Any CPU.Build.0 = Release|Any CPU
		{52980A18-0DC0-4892-83FA-5E9AC9839889}.Debug|Any CPU.ActiveCfg = Debug|Win32
		{52980A18-0DC0-4892-83FA-5E9AC9839889}.Release|Any CPU.ActiveCfg = Release|Win32
		{B440FBE6-42FE-4432-9BF5-C974A18F19E9}.Debug|Any CPU.ActiveCfg = Debug|Win32
		{B440FBE6-42FE-4432-9BF5-C974A18F19E9}.Release|Any CPU.ActiveCfg = Release|Win32
	EndGlobalSection
	GlobalSection(SolutionProperties) = preSolution
		HideSolutionNode = FALSE
	EndGlobalSection
	GlobalSection(ExtensibilityGlobals) = postSolution
		SolutionGuid = {F2EE14CE-4541-43BA-85D9-3D47F68657F6}
	EndGlobalSection
EndGlobal
